
Microsoft Visual Studio Solution File, Format Version 12.00
# Visual Studio Version 17
VisualStudioVersion = 17.5.33627.172
MinimumVisualStudioVersion = 10.0.40219.1
Project("{8BC9CEB8-8B4A-11D0-8D11-00A0C91BC942}") = "TestSocket", "TestSocket.vcxproj", "{66021314-4630-4A8F-8D51-A53DF9B8D77E}"
EndProject
Project("{8BC9CEB8-8B4A-11D0-8D11-00A0C91BC942}") = "TestServer", "..\TestServer\TestServer.vcxproj", "{530BBF7C-1B2C-4C6C-A704-83DEB1F377EA}"
EndProject
Global
	GlobalSection(SolutionConfigurationPlatforms) = preSolution
		Debug|x64 = Debug|x64
		Debug|x86 = Debug|x86
		Release|x64 = Release|x64
		Release|x86 = Release|x86
	EndGlobalSection
	GlobalSection(ProjectConfigurationPlatforms) = postSolution
		{66021314-4630-4A8F-8D51-A53DF9B8D77E}.Debug|x64.ActiveCfg = Debug|x64
		{66021314-4630-4A8F-8D51-A53DF9B8D77E}.Debug|x64.Build.0 = Debug|x64
		{66021314-4630-4A8F-8D51-A53DF9B8D77E}.Debug|x86.ActiveCfg = Debug|Win32
		{66021314-4630-4A8F-8D51-A53DF9B8D77E}.Debug|x86.Build.0 = Debug|Win32
		{66021314-4630-4A8F-8D51-A53DF9B8D77E}.Release|x64.ActiveCfg = Release|x64
		{66021314-4630-4A8F-8D51-A53DF9B8D77E}.Release|x64.Build.0 = Release|x64
		{66021314-4630-4A8F-8D51-A53DF9B8D77E}.Release|x86.ActiveCfg = Release|Win32
		{66021314-4630-4A8F-8D51-A53DF9B8D77E}.Release|x86.Build.0 = Release|Win32
		{530BBF7C-1B2C-4C6C-A704-83DEB1F377EA}.Debug|x64.ActiveCfg = Debug|x64
		{530BBF7C-1B2C-4C6C-A704-83DEB1F377EA}.Debug|x64.Build.0 = Debug|x64
		{530BBF7C-1B2C-4C6C-A704-83DEB1F377EA}.Debug|x86.ActiveCfg = Debug|Win32
		{530BBF7C-1B2C-4C6C-A704-83DEB1F377EA}.Debug|x86.Build.0 = Debug|Win32
		{530BBF7C-1B2C-4C6C-A704-83DEB1F377EA}.Release|x64.ActiveCfg = Release|x64
		{530BBF7C-1B2C-4C6C-A704-83DEB1F377EA}.Release|x64.Build.0 = Release|x64
		{530BBF7C-1B2C-4C6C-A704-83DEB1F377EA}.Release|x86.ActiveCfg = Release|Win32
		{530BBF7C-1B2C-4C6C-A704-83DEB1F377EA}.Release|x86.Build.0 = Release|Win32
	EndGlobalSection
	GlobalSection(SolutionProperties) = preSolution
		HideSolutionNode = FALSE
	EndGlobalSection
	GlobalSection(ExtensibilityGlobals) = postSolution
		SolutionGuid = {CCFCA59F-C378-45F1-A3C3-B673D65B441E}
	EndGlobalSection
EndGlobal
